// !$*UTF8*$!
{
	archiveVersion = 1;
	classes = {
	};
	objectVersion = 56;
	objects = {

/* Begin PBXBuildFile section */
		192584A329EABBD600F0CEF5 /* AppDelegate.swift in Sources */ = {isa = PBXBuildFile; fileRef = 192584A229EABBD600F0CEF5 /* AppDelegate.swift */; };
		192584A529EABBD600F0CEF5 /* SceneDelegate.swift in Sources */ = {isa = PBXBuildFile; fileRef = 192584A429EABBD600F0CEF5 /* SceneDelegate.swift */; };
		192584AC29EABBD700F0CEF5 /* Assets.xcassets in Resources */ = {isa = PBXBuildFile; fileRef = 192584AB29EABBD700F0CEF5 /* Assets.xcassets */; };
		192584AF29EABBD700F0CEF5 /* LaunchScreen.storyboard in Resources */ = {isa = PBXBuildFile; fileRef = 192584AD29EABBD700F0CEF5 /* LaunchScreen.storyboard */; };
		192584BA29EAC42F00F0CEF5 /* GetAllUsersResponse.swift in Sources */ = {isa = PBXBuildFile; fileRef = 192584B929EAC42F00F0CEF5 /* GetAllUsersResponse.swift */; };
		192584BC29EAC45C00F0CEF5 /* Member.swift in Sources */ = {isa = PBXBuildFile; fileRef = 192584BB29EAC45C00F0CEF5 /* Member.swift */; };
		192584BE29EAC51400F0CEF5 /* Hipo.swift in Sources */ = {isa = PBXBuildFile; fileRef = 192584BD29EAC51400F0CEF5 /* Hipo.swift */; };
		192584C029EAC5E600F0CEF5 /* hipo.json in Resources */ = {isa = PBXBuildFile; fileRef = 192584BF29EAC5E600F0CEF5 /* hipo.json */; };
		192584C229EAD07000F0CEF5 /* MemberDetailViewController.swift in Sources */ = {isa = PBXBuildFile; fileRef = 192584C129EAD07000F0CEF5 /* MemberDetailViewController.swift */; };
		192584C529EAD27200F0CEF5 /* HomeViewController.swift in Sources */ = {isa = PBXBuildFile; fileRef = 192584C429EAD27200F0CEF5 /* HomeViewController.swift */; };
		192584C829EAD48700F0CEF5 /* MemberTableViewCell.swift in Sources */ = {isa = PBXBuildFile; fileRef = 192584C729EAD48700F0CEF5 /* MemberTableViewCell.swift */; };
		1951114029F48BAF0029C04C /* Repository.swift in Sources */ = {isa = PBXBuildFile; fileRef = 1951113F29F48BAF0029C04C /* Repository.swift */; };
		1951114229F48D680029C04C /* RepositoriesService.swift in Sources */ = {isa = PBXBuildFile; fileRef = 1951114129F48D680029C04C /* RepositoriesService.swift */; };
		1951114529F49D5C0029C04C /* UIHelper.swift in Sources */ = {isa = PBXBuildFile; fileRef = 1951114429F49D5C0029C04C /* UIHelper.swift */; };
		1951114729F49E7A0029C04C /* RepositoryCollectionViewCell.swift in Sources */ = {isa = PBXBuildFile; fileRef = 1951114629F49E7A0029C04C /* RepositoryCollectionViewCell.swift */; };
		19B96A8C29F41FC8005B9291 /* AppConstants.swift in Sources */ = {isa = PBXBuildFile; fileRef = 19B96A8B29F41FC8005B9291 /* AppConstants.swift */; };
		19B96A8F29F42A04005B9291 /* String+Ext.swift in Sources */ = {isa = PBXBuildFile; fileRef = 19B96A8E29F42A04005B9291 /* String+Ext.swift */; };
		19B96A9329F46503005B9291 /* HomeViewControllerViewModel.swift in Sources */ = {isa = PBXBuildFile; fileRef = 19B96A9229F46503005B9291 /* HomeViewControllerViewModel.swift */; };
		19B96A9629F4667A005B9291 /* UserService.swift in Sources */ = {isa = PBXBuildFile; fileRef = 19B96A9529F4667A005B9291 /* UserService.swift */; };
		19B96A9929F46783005B9291 /* NetworkManager.swift in Sources */ = {isa = PBXBuildFile; fileRef = 19B96A9829F46783005B9291 /* NetworkManager.swift */; };
		19B96A9B29F467AA005B9291 /* APIURLs.swift in Sources */ = {isa = PBXBuildFile; fileRef = 19B96A9A29F467AA005B9291 /* APIURLs.swift */; };
		19B96A9D29F46953005B9291 /* User.swift in Sources */ = {isa = PBXBuildFile; fileRef = 19B96A9C29F46953005B9291 /* User.swift */; };
		19B96A9F29F47C9B005B9291 /* CGFloat+Ext.swift in Sources */ = {isa = PBXBuildFile; fileRef = 19B96A9E29F47C9A005B9291 /* CGFloat+Ext.swift */; };
/* End PBXBuildFile section */

/* Begin PBXFileReference section */
		1925849F29EABBD600F0CEF5 /* GitHubClone.app */ = {isa = PBXFileReference; explicitFileType = wrapper.application; includeInIndex = 0; path = GitHubClone.app; sourceTree = BUILT_PRODUCTS_DIR; };
		192584A229EABBD600F0CEF5 /* AppDelegate.swift */ = {isa = PBXFileReference; lastKnownFileType = sourcecode.swift; path = AppDelegate.swift; sourceTree = "<group>"; };
		192584A429EABBD600F0CEF5 /* SceneDelegate.swift */ = {isa = PBXFileReference; lastKnownFileType = sourcecode.swift; path = SceneDelegate.swift; sourceTree = "<group>"; };
		192584AB29EABBD700F0CEF5 /* Assets.xcassets */ = {isa = PBXFileReference; lastKnownFileType = folder.assetcatalog; path = Assets.xcassets; sourceTree = "<group>"; };
		192584AE29EABBD700F0CEF5 /* Base */ = {isa = PBXFileReference; lastKnownFileType = file.storyboard; name = Base; path = Base.lproj/LaunchScreen.storyboard; sourceTree = "<group>"; };
		192584B029EABBD700F0CEF5 /* Info.plist */ = {isa = PBXFileReference; lastKnownFileType = text.plist.xml; path = Info.plist; sourceTree = "<group>"; };
		192584B929EAC42F00F0CEF5 /* GetAllUsersResponse.swift */ = {isa = PBXFileReference; lastKnownFileType = sourcecode.swift; path = GetAllUsersResponse.swift; sourceTree = "<group>"; };
		192584BB29EAC45C00F0CEF5 /* Member.swift */ = {isa = PBXFileReference; lastKnownFileType = sourcecode.swift; path = Member.swift; sourceTree = "<group>"; };
		192584BD29EAC51400F0CEF5 /* Hipo.swift */ = {isa = PBXFileReference; lastKnownFileType = sourcecode.swift; path = Hipo.swift; sourceTree = "<group>"; };
		192584BF29EAC5E600F0CEF5 /* hipo.json */ = {isa = PBXFileReference; fileEncoding = 4; lastKnownFileType = text.json; path = hipo.json; sourceTree = "<group>"; };
		192584C129EAD07000F0CEF5 /* MemberDetailViewController.swift */ = {isa = PBXFileReference; lastKnownFileType = sourcecode.swift; path = MemberDetailViewController.swift; sourceTree = "<group>"; };
		192584C429EAD27200F0CEF5 /* HomeViewController.swift */ = {isa = PBXFileReference; lastKnownFileType = sourcecode.swift; path = HomeViewController.swift; sourceTree = "<group>"; };
		192584C729EAD48700F0CEF5 /* MemberTableViewCell.swift */ = {isa = PBXFileReference; lastKnownFileType = sourcecode.swift; path = MemberTableViewCell.swift; sourceTree = "<group>"; };
		1951113F29F48BAF0029C04C /* Repository.swift */ = {isa = PBXFileReference; lastKnownFileType = sourcecode.swift; path = Repository.swift; sourceTree = "<group>"; };
		1951114129F48D680029C04C /* RepositoriesService.swift */ = {isa = PBXFileReference; lastKnownFileType = sourcecode.swift; path = RepositoriesService.swift; sourceTree = "<group>"; };
		1951114429F49D5C0029C04C /* UIHelper.swift */ = {isa = PBXFileReference; lastKnownFileType = sourcecode.swift; path = UIHelper.swift; sourceTree = "<group>"; };
		1951114629F49E7A0029C04C /* RepositoryCollectionViewCell.swift */ = {isa = PBXFileReference; lastKnownFileType = sourcecode.swift; path = RepositoryCollectionViewCell.swift; sourceTree = "<group>"; };
		19B96A8B29F41FC8005B9291 /* AppConstants.swift */ = {isa = PBXFileReference; lastKnownFileType = sourcecode.swift; path = AppConstants.swift; sourceTree = "<group>"; };
		19B96A8E29F42A04005B9291 /* String+Ext.swift */ = {isa = PBXFileReference; lastKnownFileType = sourcecode.swift; path = "String+Ext.swift"; sourceTree = "<group>"; };
		19B96A9229F46503005B9291 /* HomeViewControllerViewModel.swift */ = {isa = PBXFileReference; lastKnownFileType = sourcecode.swift; path = HomeViewControllerViewModel.swift; sourceTree = "<group>"; };
		19B96A9529F4667A005B9291 /* UserService.swift */ = {isa = PBXFileReference; lastKnownFileType = sourcecode.swift; path = UserService.swift; sourceTree = "<group>"; };
		19B96A9829F46783005B9291 /* NetworkManager.swift */ = {isa = PBXFileReference; lastKnownFileType = sourcecode.swift; path = NetworkManager.swift; sourceTree = "<group>"; };
		19B96A9A29F467AA005B9291 /* APIURLs.swift */ = {isa = PBXFileReference; lastKnownFileType = sourcecode.swift; path = APIURLs.swift; sourceTree = "<group>"; };
		19B96A9C29F46953005B9291 /* User.swift */ = {isa = PBXFileReference; lastKnownFileType = sourcecode.swift; path = User.swift; sourceTree = "<group>"; };
		19B96A9E29F47C9A005B9291 /* CGFloat+Ext.swift */ = {isa = PBXFileReference; lastKnownFileType = sourcecode.swift; path = "CGFloat+Ext.swift"; sourceTree = "<group>"; };
/* End PBXFileReference section */

/* Begin PBXFrameworksBuildPhase section */
		1925849C29EABBD600F0CEF5 /* Frameworks */ = {
			isa = PBXFrameworksBuildPhase;
			buildActionMask = 2147483647;
			files = (
			);
			runOnlyForDeploymentPostprocessing = 0;
		};
/* End PBXFrameworksBuildPhase section */

/* Begin PBXGroup section */
		1925849629EABBD600F0CEF5 = {
			isa = PBXGroup;
			children = (
				192584A129EABBD600F0CEF5 /* GitHubClone */,
				192584A029EABBD600F0CEF5 /* Products */,
			);
			sourceTree = "<group>";
		};
		192584A029EABBD600F0CEF5 /* Products */ = {
			isa = PBXGroup;
			children = (
				1925849F29EABBD600F0CEF5 /* GitHubClone.app */,
			);
			name = Products;
			sourceTree = "<group>";
		};
		192584A129EABBD600F0CEF5 /* GitHubClone */ = {
			isa = PBXGroup;
			children = (
				1951114329F49D4C0029C04C /* Utilities */,
				19B96A9729F4677A005B9291 /* Managers */,
				19B96A9429F46648005B9291 /* Services */,
				19B96A8D29F429B1005B9291 /* Extensions */,
				19B96A8A29F41FBE005B9291 /* Constants */,
				192584C629EAD46B00F0CEF5 /* Views */,
				192584B729EAC37400F0CEF5 /* Models */,
				192584B629EABCB000F0CEF5 /* Core */,
				192584A229EABBD600F0CEF5 /* AppDelegate.swift */,
				192584A429EABBD600F0CEF5 /* SceneDelegate.swift */,
				192584AB29EABBD700F0CEF5 /* Assets.xcassets */,
				192584AD29EABBD700F0CEF5 /* LaunchScreen.storyboard */,
				192584B029EABBD700F0CEF5 /* Info.plist */,
				192584BF29EAC5E600F0CEF5 /* hipo.json */,
			);
			path = GitHubClone;
			sourceTree = "<group>";
		};
		192584B629EABCB000F0CEF5 /* Core */ = {
			isa = PBXGroup;
			children = (
				19B96A9129F42AC5005B9291 /* MemberDetail */,
				19B96A9029F42ABC005B9291 /* Home */,
			);
			path = Core;
			sourceTree = "<group>";
		};
		192584B729EAC37400F0CEF5 /* Models */ = {
			isa = PBXGroup;
			children = (
				192584B829EAC40200F0CEF5 /* ResponseTypes */,
				192584BB29EAC45C00F0CEF5 /* Member.swift */,
				1951113F29F48BAF0029C04C /* Repository.swift */,
				19B96A9C29F46953005B9291 /* User.swift */,
				192584BD29EAC51400F0CEF5 /* Hipo.swift */,
			);
			path = Models;
			sourceTree = "<group>";
		};
		192584B829EAC40200F0CEF5 /* ResponseTypes */ = {
			isa = PBXGroup;
			children = (
				192584B929EAC42F00F0CEF5 /* GetAllUsersResponse.swift */,
			);
			path = ResponseTypes;
			sourceTree = "<group>";
		};
		192584C629EAD46B00F0CEF5 /* Views */ = {
			isa = PBXGroup;
			children = (
				192584C729EAD48700F0CEF5 /* MemberTableViewCell.swift */,
				1951114629F49E7A0029C04C /* RepositoryCollectionViewCell.swift */,
			);
			path = Views;
			sourceTree = "<group>";
		};
		1951114329F49D4C0029C04C /* Utilities */ = {
			isa = PBXGroup;
			children = (
				1951114429F49D5C0029C04C /* UIHelper.swift */,
			);
			path = Utilities;
			sourceTree = "<group>";
		};
		19B96A8A29F41FBE005B9291 /* Constants */ = {
			isa = PBXGroup;
			children = (
				19B96A8B29F41FC8005B9291 /* AppConstants.swift */,
				19B96A9A29F467AA005B9291 /* APIURLs.swift */,
			);
			path = Constants;
			sourceTree = "<group>";
		};
		19B96A8D29F429B1005B9291 /* Extensions */ = {
			isa = PBXGroup;
			children = (
				19B96A8E29F42A04005B9291 /* String+Ext.swift */,
				19B96A9E29F47C9A005B9291 /* CGFloat+Ext.swift */,
			);
			path = Extensions;
			sourceTree = "<group>";
		};
		19B96A9029F42ABC005B9291 /* Home */ = {
			isa = PBXGroup;
			children = (
				192584C429EAD27200F0CEF5 /* HomeViewController.swift */,
				19B96A9229F46503005B9291 /* HomeViewControllerViewModel.swift */,
			);
			path = Home;
			sourceTree = "<group>";
		};
		19B96A9129F42AC5005B9291 /* MemberDetail */ = {
			isa = PBXGroup;
			children = (
				192584C129EAD07000F0CEF5 /* MemberDetailViewController.swift */,
			);
			path = MemberDetail;
			sourceTree = "<group>";
		};
		19B96A9429F46648005B9291 /* Services */ = {
			isa = PBXGroup;
			children = (
				19B96A9529F4667A005B9291 /* UserService.swift */,
				1951114129F48D680029C04C /* RepositoriesService.swift */,
			);
			path = Services;
			sourceTree = "<group>";
		};
		19B96A9729F4677A005B9291 /* Managers */ = {
			isa = PBXGroup;
			children = (
				19B96A9829F46783005B9291 /* NetworkManager.swift */,
			);
			path = Managers;
			sourceTree = "<group>";
		};
/* End PBXGroup section */

/* Begin PBXNativeTarget section */
		1925849E29EABBD600F0CEF5 /* GitHubClone */ = {
			isa = PBXNativeTarget;
			buildConfigurationList = 192584B329EABBD700F0CEF5 /* Build configuration list for PBXNativeTarget "GitHubClone" */;
			buildPhases = (
				1925849B29EABBD600F0CEF5 /* Sources */,
				1925849C29EABBD600F0CEF5 /* Frameworks */,
				1925849D29EABBD600F0CEF5 /* Resources */,
			);
			buildRules = (
			);
			dependencies = (
			);
			name = GitHubClone;
			productName = GitHubClone;
			productReference = 1925849F29EABBD600F0CEF5 /* GitHubClone.app */;
			productType = "com.apple.product-type.application";
		};
/* End PBXNativeTarget section */

/* Begin PBXProject section */
		1925849729EABBD600F0CEF5 /* Project object */ = {
			isa = PBXProject;
			attributes = {
				BuildIndependentTargetsInParallel = 1;
				LastSwiftUpdateCheck = 1430;
				LastUpgradeCheck = 1430;
				TargetAttributes = {
					1925849E29EABBD600F0CEF5 = {
						CreatedOnToolsVersion = 14.3;
					};
				};
			};
			buildConfigurationList = 1925849A29EABBD600F0CEF5 /* Build configuration list for PBXProject "GitHubClone" */;
			compatibilityVersion = "Xcode 14.0";
			developmentRegion = en;
			hasScannedForEncodings = 0;
			knownRegions = (
				en,
				Base,
			);
			mainGroup = 1925849629EABBD600F0CEF5;
			productRefGroup = 192584A029EABBD600F0CEF5 /* Products */;
			projectDirPath = "";
			projectRoot = "";
			targets = (
				1925849E29EABBD600F0CEF5 /* GitHubClone */,
			);
		};
/* End PBXProject section */

/* Begin PBXResourcesBuildPhase section */
		1925849D29EABBD600F0CEF5 /* Resources */ = {
			isa = PBXResourcesBuildPhase;
			buildActionMask = 2147483647;
			files = (
				192584AF29EABBD700F0CEF5 /* LaunchScreen.storyboard in Resources */,
				192584C029EAC5E600F0CEF5 /* hipo.json in Resources */,
				192584AC29EABBD700F0CEF5 /* Assets.xcassets in Resources */,
			);
			runOnlyForDeploymentPostprocessing = 0;
		};
/* End PBXResourcesBuildPhase section */

/* Begin PBXSourcesBuildPhase section */
		1925849B29EABBD600F0CEF5 /* Sources */ = {
			isa = PBXSourcesBuildPhase;
			buildActionMask = 2147483647;
			files = (
				192584C229EAD07000F0CEF5 /* MemberDetailViewController.swift in Sources */,
				1951114229F48D680029C04C /* RepositoriesService.swift in Sources */,
				19B96A9329F46503005B9291 /* HomeViewControllerViewModel.swift in Sources */,
				192584A329EABBD600F0CEF5 /* AppDelegate.swift in Sources */,
				19B96A9929F46783005B9291 /* NetworkManager.swift in Sources */,
				19B96A9B29F467AA005B9291 /* APIURLs.swift in Sources */,
				192584BA29EAC42F00F0CEF5 /* GetAllUsersResponse.swift in Sources */,
				19B96A9629F4667A005B9291 /* UserService.swift in Sources */,
				1951114729F49E7A0029C04C /* RepositoryCollectionViewCell.swift in Sources */,
				192584BE29EAC51400F0CEF5 /* Hipo.swift in Sources */,
				19B96A9F29F47C9B005B9291 /* CGFloat+Ext.swift in Sources */,
				19B96A9D29F46953005B9291 /* User.swift in Sources */,
				192584C829EAD48700F0CEF5 /* MemberTableViewCell.swift in Sources */,
				192584BC29EAC45C00F0CEF5 /* Member.swift in Sources */,
				192584C529EAD27200F0CEF5 /* HomeViewController.swift in Sources */,
				1951114029F48BAF0029C04C /* Repository.swift in Sources */,
				1951114529F49D5C0029C04C /* UIHelper.swift in Sources */,
				192584A529EABBD600F0CEF5 /* SceneDelegate.swift in Sources */,
				19B96A8C29F41FC8005B9291 /* AppConstants.swift in Sources */,
				19B96A8F29F42A04005B9291 /* String+Ext.swift in Sources */,
			);
			runOnlyForDeploymentPostprocessing = 0;
		};
/* End PBXSourcesBuildPhase section */

/* Begin PBXVariantGroup section */
		192584AD29EABBD700F0CEF5 /* LaunchScreen.storyboard */ = {
			isa = PBXVariantGroup;
			children = (
				192584AE29EABBD700F0CEF5 /* Base */,
			);
			name = LaunchScreen.storyboard;
			sourceTree = "<group>";
		};
/* End PBXVariantGroup section */

/* Begin XCBuildConfiguration section */
		192584B129EABBD700F0CEF5 /* Debug */ = {
			isa = XCBuildConfiguration;
			buildSettings = {
				ALWAYS_SEARCH_USER_PATHS = NO;
				CLANG_ANALYZER_NONNULL = YES;
				CLANG_ANALYZER_NUMBER_OBJECT_CONVERSION = YES_AGGRESSIVE;
				CLANG_CXX_LANGUAGE_STANDARD = "gnu++20";
				CLANG_ENABLE_MODULES = YES;
				CLANG_ENABLE_OBJC_ARC = YES;
				CLANG_ENABLE_OBJC_WEAK = YES;
				CLANG_WARN_BLOCK_CAPTURE_AUTORELEASING = YES;
				CLANG_WARN_BOOL_CONVERSION = YES;
				CLANG_WARN_COMMA = YES;
				CLANG_WARN_CONSTANT_CONVERSION = YES;
				CLANG_WARN_DEPRECATED_OBJC_IMPLEMENTATIONS = YES;
				CLANG_WARN_DIRECT_OBJC_ISA_USAGE = YES_ERROR;
				CLANG_WARN_DOCUMENTATION_COMMENTS = YES;
				CLANG_WARN_EMPTY_BODY = YES;
				CLANG_WARN_ENUM_CONVERSION = YES;
				CLANG_WARN_INFINITE_RECURSION = YES;
				CLANG_WARN_INT_CONVERSION = YES;
				CLANG_WARN_NON_LITERAL_NULL_CONVERSION = YES;
				CLANG_WARN_OBJC_IMPLICIT_RETAIN_SELF = YES;
				CLANG_WARN_OBJC_LITERAL_CONVERSION = YES;
				CLANG_WARN_OBJC_ROOT_CLASS = YES_ERROR;
				CLANG_WARN_QUOTED_INCLUDE_IN_FRAMEWORK_HEADER = YES;
				CLANG_WARN_RANGE_LOOP_ANALYSIS = YES;
				CLANG_WARN_STRICT_PROTOTYPES = YES;
				CLANG_WARN_SUSPICIOUS_MOVE = YES;
				CLANG_WARN_UNGUARDED_AVAILABILITY = YES_AGGRESSIVE;
				CLANG_WARN_UNREACHABLE_CODE = YES;
				CLANG_WARN__DUPLICATE_METHOD_MATCH = YES;
				COPY_PHASE_STRIP = NO;
				DEBUG_INFORMATION_FORMAT = dwarf;
				ENABLE_STRICT_OBJC_MSGSEND = YES;
				ENABLE_TESTABILITY = YES;
				GCC_C_LANGUAGE_STANDARD = gnu11;
				GCC_DYNAMIC_NO_PIC = NO;
				GCC_NO_COMMON_BLOCKS = YES;
				GCC_OPTIMIZATION_LEVEL = 0;
				GCC_PREPROCESSOR_DEFINITIONS = (
					"DEBUG=1",
					"$(inherited)",
				);
				GCC_WARN_64_TO_32_BIT_CONVERSION = YES;
				GCC_WARN_ABOUT_RETURN_TYPE = YES_ERROR;
				GCC_WARN_UNDECLARED_SELECTOR = YES;
				GCC_WARN_UNINITIALIZED_AUTOS = YES_AGGRESSIVE;
				GCC_WARN_UNUSED_FUNCTION = YES;
				GCC_WARN_UNUSED_VARIABLE = YES;
				IPHONEOS_DEPLOYMENT_TARGET = 16.4;
				MTL_ENABLE_DEBUG_INFO = INCLUDE_SOURCE;
				MTL_FAST_MATH = YES;
				ONLY_ACTIVE_ARCH = YES;
				SDKROOT = iphoneos;
				SWIFT_ACTIVE_COMPILATION_CONDITIONS = DEBUG;
				SWIFT_OPTIMIZATION_LEVEL = "-Onone";
			};
			name = Debug;
		};
		192584B229EABBD700F0CEF5 /* Release */ = {
			isa = XCBuildConfiguration;
			buildSettings = {
				ALWAYS_SEARCH_USER_PATHS = NO;
				CLANG_ANALYZER_NONNULL = YES;
				CLANG_ANALYZER_NUMBER_OBJECT_CONVERSION = YES_AGGRESSIVE;
				CLANG_CXX_LANGUAGE_STANDARD = "gnu++20";
				CLANG_ENABLE_MODULES = YES;
				CLANG_ENABLE_OBJC_ARC = YES;
				CLANG_ENABLE_OBJC_WEAK = YES;
				CLANG_WARN_BLOCK_CAPTURE_AUTORELEASING = YES;
				CLANG_WARN_BOOL_CONVERSION = YES;
				CLANG_WARN_COMMA = YES;
				CLANG_WARN_CONSTANT_CONVERSION = YES;
				CLANG_WARN_DEPRECATED_OBJC_IMPLEMENTATIONS = YES;
				CLANG_WARN_DIRECT_OBJC_ISA_USAGE = YES_ERROR;
				CLANG_WARN_DOCUMENTATION_COMMENTS = YES;
				CLANG_WARN_EMPTY_BODY = YES;
				CLANG_WARN_ENUM_CONVERSION = YES;
				CLANG_WARN_INFINITE_RECURSION = YES;
				CLANG_WARN_INT_CONVERSION = YES;
				CLANG_WARN_NON_LITERAL_NULL_CONVERSION = YES;
				CLANG_WARN_OBJC_IMPLICIT_RETAIN_SELF = YES;
				CLANG_WARN_OBJC_LITERAL_CONVERSION = YES;
				CLANG_WARN_OBJC_ROOT_CLASS = YES_ERROR;
				CLANG_WARN_QUOTED_INCLUDE_IN_FRAMEWORK_HEADER = YES;
				CLANG_WARN_RANGE_LOOP_ANALYSIS = YES;
				CLANG_WARN_STRICT_PROTOTYPES = YES;
				CLANG_WARN_SUSPICIOUS_MOVE = YES;
				CLANG_WARN_UNGUARDED_AVAILABILITY = YES_AGGRESSIVE;
				CLANG_WARN_UNREACHABLE_CODE = YES;
				CLANG_WARN__DUPLICATE_METHOD_MATCH = YES;
				COPY_PHASE_STRIP = NO;
				DEBUG_INFORMATION_FORMAT = "dwarf-with-dsym";
				ENABLE_NS_ASSERTIONS = NO;
				ENABLE_STRICT_OBJC_MSGSEND = YES;
				GCC_C_LANGUAGE_STANDARD = gnu11;
				GCC_NO_COMMON_BLOCKS = YES;
				GCC_WARN_64_TO_32_BIT_CONVERSION = YES;
				GCC_WARN_ABOUT_RETURN_TYPE = YES_ERROR;
				GCC_WARN_UNDECLARED_SELECTOR = YES;
				GCC_WARN_UNINITIALIZED_AUTOS = YES_AGGRESSIVE;
				GCC_WARN_UNUSED_FUNCTION = YES;
				GCC_WARN_UNUSED_VARIABLE = YES;
				IPHONEOS_DEPLOYMENT_TARGET = 16.4;
				MTL_ENABLE_DEBUG_INFO = NO;
				MTL_FAST_MATH = YES;
				SDKROOT = iphoneos;
				SWIFT_COMPILATION_MODE = wholemodule;
				SWIFT_OPTIMIZATION_LEVEL = "-O";
				VALIDATE_PRODUCT = YES;
			};
			name = Release;
		};
		192584B429EABBD700F0CEF5 /* Debug */ = {
			isa = XCBuildConfiguration;
			buildSettings = {
				ASSETCATALOG_COMPILER_APPICON_NAME = AppIcon;
				ASSETCATALOG_COMPILER_GLOBAL_ACCENT_COLOR_NAME = AccentColor;
				CODE_SIGN_STYLE = Automatic;
				CURRENT_PROJECT_VERSION = 1;
				DEVELOPMENT_TEAM = K9X3B5UUVK;
				GENERATE_INFOPLIST_FILE = YES;
				INFOPLIST_FILE = GitHubClone/Info.plist;
				INFOPLIST_KEY_UIApplicationSupportsIndirectInputEvents = YES;
				INFOPLIST_KEY_UILaunchStoryboardName = LaunchScreen;
				INFOPLIST_KEY_UISupportedInterfaceOrientations_iPad = "UIInterfaceOrientationPortrait UIInterfaceOrientationPortraitUpsideDown UIInterfaceOrientationLandscapeLeft UIInterfaceOrientationLandscapeRight";
				INFOPLIST_KEY_UISupportedInterfaceOrientations_iPhone = "UIInterfaceOrientationPortrait UIInterfaceOrientationLandscapeLeft UIInterfaceOrientationLandscapeRight";
				LD_RUNPATH_SEARCH_PATHS = (
					"$(inherited)",
					"@executable_path/Frameworks",
				);
				MARKETING_VERSION = 1.0;
				PRODUCT_BUNDLE_IDENTIFIER = "Yunus-Kara.GitHubClone";
				PRODUCT_NAME = "$(TARGET_NAME)";
				SWIFT_EMIT_LOC_STRINGS = YES;
				SWIFT_VERSION = 5.0;
				TARGETED_DEVICE_FAMILY = "1,2";
			};
			name = Debug;
		};
		192584B529EABBD700F0CEF5 /* Release */ = {
			isa = XCBuildConfiguration;
			buildSettings = {
				ASSETCATALOG_COMPILER_APPICON_NAME = AppIcon;
				ASSETCATALOG_COMPILER_GLOBAL_ACCENT_COLOR_NAME = AccentColor;
				CODE_SIGN_STYLE = Automatic;
				CURRENT_PROJECT_VERSION = 1;
				DEVELOPMENT_TEAM = K9X3B5UUVK;
				GENERATE_INFOPLIST_FILE = YES;
				INFOPLIST_FILE = GitHubClone/Info.plist;
				INFOPLIST_KEY_UIApplicationSupportsIndirectInputEvents = YES;
				INFOPLIST_KEY_UILaunchStoryboardName = LaunchScreen;
				INFOPLIST_KEY_UISupportedInterfaceOrientations_iPad = "UIInterfaceOrientationPortrait UIInterfaceOrientationPortraitUpsideDown UIInterfaceOrientationLandscapeLeft UIInterfaceOrientationLandscapeRight";
				INFOPLIST_KEY_UISupportedInterfaceOrientations_iPhone = "UIInterfaceOrientationPortrait UIInterfaceOrientationLandscapeLeft UIInterfaceOrientationLandscapeRight";
				LD_RUNPATH_SEARCH_PATHS = (
					"$(inherited)",
					"@executable_path/Frameworks",
				);
				MARKETING_VERSION = 1.0;
				PRODUCT_BUNDLE_IDENTIFIER = "Yunus-Kara.GitHubClone";
				PRODUCT_NAME = "$(TARGET_NAME)";
				SWIFT_EMIT_LOC_STRINGS = YES;
				SWIFT_VERSION = 5.0;
				TARGETED_DEVICE_FAMILY = "1,2";
			};
			name = Release;
		};
/* End XCBuildConfiguration section */

/* Begin XCConfigurationList section */
		1925849A29EABBD600F0CEF5 /* Build configuration list for PBXProject "GitHubClone" */ = {
			isa = XCConfigurationList;
			buildConfigurations = (
				192584B129EABBD700F0CEF5 /* Debug */,
				192584B229EABBD700F0CEF5 /* Release */,
			);
			defaultConfigurationIsVisible = 0;
			defaultConfigurationName = Release;
		};
		192584B329EABBD700F0CEF5 /* Build configuration list for PBXNativeTarget "GitHubClone" */ = {
			isa = XCConfigurationList;
			buildConfigurations = (
				192584B429EABBD700F0CEF5 /* Debug */,
				192584B529EABBD700F0CEF5 /* Release */,
			);
			defaultConfigurationIsVisible = 0;
			defaultConfigurationName = Release;
		};
/* End XCConfigurationList section */
	};
	rootObject = 1925849729EABBD600F0CEF5 /* Project object */;
}
